// !$*UTF8*$!
{
	archiveVersion = 1;
	classes = {
	};
	objectVersion = 56;
	objects = {

/* Begin PBXBuildFile section */
		903CF32160A1EDD2ADE8AA03 /* Pods_STUDYHUB2.framework in Frameworks */ = {isa = PBXBuildFile; fileRef = DD0AEF76B97F2D81A35C2224 /* Pods_STUDYHUB2.framework */; };
		EE02B10C2B15FEEE0092082F /* MyPageViewController.swift in Sources */ = {isa = PBXBuildFile; fileRef = EEB51E852B103C2300C23AB4 /* MyPageViewController.swift */; };
		EE02B10E2B15FEEE0092082F /* MyPostInfoManager.swift in Sources */ = {isa = PBXBuildFile; fileRef = EEB51E8A2B103C2300C23AB4 /* MyPostInfoManager.swift */; };
		EE02B1112B15FEEE0092082F /* CheckParticipantsVC.swift in Sources */ = {isa = PBXBuildFile; fileRef = EEB51E942B1075A500C23AB4 /* CheckParticipantsVC.swift */; };
		EE02B1122B15FEEE0092082F /* WaitCell.swift in Sources */ = {isa = PBXBuildFile; fileRef = EEB51E972B107B7100C23AB4 /* WaitCell.swift */; };
		EE02B1132B15FEEE0092082F /* RefuseBottomSheet.swift in Sources */ = {isa = PBXBuildFile; fileRef = EEB51E9B2B10966100C23AB4 /* RefuseBottomSheet.swift */; };
		EE02B1142B15FEEE0092082F /* WriteRefuseReasonVC.swift in Sources */ = {isa = PBXBuildFile; fileRef = EEB51E9F2B10EF4200C23AB4 /* WriteRefuseReasonVC.swift */; };
		EE02B1152B15FEEE0092082F /* RefusePersonCell.swift in Sources */ = {isa = PBXBuildFile; fileRef = EEB51E9D2B1099CB00C23AB4 /* RefusePersonCell.swift */; };
		EE02B1162B15FEEE0092082F /* ParticipateCell.swift in Sources */ = {isa = PBXBuildFile; fileRef = EE35ED6B2B14B71A008040E2 /* ParticipateCell.swift */; };
		EE02B1172B15FEEE0092082F /* RefuseCell.swift in Sources */ = {isa = PBXBuildFile; fileRef = EE35ED6F2B14BAA9008040E2 /* RefuseCell.swift */; };
		EE07AD902AE106460096890F /* CreatePostManager.swift in Sources */ = {isa = PBXBuildFile; fileRef = EE07AD8F2AE106460096890F /* CreatePostManager.swift */; };
		EE07ADB52AEFC2B90096890F /* UITextField+.swift in Sources */ = {isa = PBXBuildFile; fileRef = EE07ADB42AEFC2B90096890F /* UITextField+.swift */; };
		EE07ADB92AEFE6730096890F /* PostedStudyViewController.swift in Sources */ = {isa = PBXBuildFile; fileRef = EE07ADB82AEFE6730096890F /* PostedStudyViewController.swift */; };
		EE07ADBD2AEFF7BD0096890F /* ConvertMajor.swift in Sources */ = {isa = PBXBuildFile; fileRef = EE07ADBC2AEFF7BD0096890F /* ConvertMajor.swift */; };
		EE07ADBF2AF0BB360096890F /* NaviHelper.swift in Sources */ = {isa = PBXBuildFile; fileRef = EE07ADBE2AF0BB360096890F /* NaviHelper.swift */; };
		EE07ADC12AF0D5A40096890F /* SimilarPostCell.swift in Sources */ = {isa = PBXBuildFile; fileRef = EE07ADC02AF0D5A40096890F /* SimilarPostCell.swift */; };
		EE07ADC32AF236260096890F /* BottomSheet.swift in Sources */ = {isa = PBXBuildFile; fileRef = EE07ADC22AF236260096890F /* BottomSheet.swift */; };
		EE07ADC52AF2414C0096890F /* PopUpViewController.swift in Sources */ = {isa = PBXBuildFile; fileRef = EE07ADC42AF2414C0096890F /* PopUpViewController.swift */; };
		EE07ADC72AF241A30096890F /* PopUpView.swift in Sources */ = {isa = PBXBuildFile; fileRef = EE07ADC62AF241A30096890F /* PopUpView.swift */; };
		EE07ADCB2AF25F440096890F /* SearchBarHelper.swift in Sources */ = {isa = PBXBuildFile; fileRef = EE07ADCA2AF25F440096890F /* SearchBarHelper.swift */; };
		EE07ADCD2AF26D360096890F /* DepartMentCell.swift in Sources */ = {isa = PBXBuildFile; fileRef = EE07ADCC2AF26D360096890F /* DepartMentCell.swift */; };
		EE07ADCF2AF325F80096890F /* UILabelPadding.swift in Sources */ = {isa = PBXBuildFile; fileRef = EE07ADCE2AF325F80096890F /* UILabelPadding.swift */; };
		EE07ADD12AF632B80096890F /* Calendar.swift in Sources */ = {isa = PBXBuildFile; fileRef = EE07ADD02AF632B80096890F /* Calendar.swift */; };
		EE0A8B5A2AF932FE001C3F41 /* RecruitCell.swift in Sources */ = {isa = PBXBuildFile; fileRef = EE0A8B592AF932FE001C3F41 /* RecruitCell.swift */; };
		EE0A8B5C2AF9330F001C3F41 /* DeadLineCell.swift in Sources */ = {isa = PBXBuildFile; fileRef = EE0A8B5B2AF9330F001C3F41 /* DeadLineCell.swift */; };
		EE0A8B5E2AF9B01C001C3F41 /* UILabel+.swift in Sources */ = {isa = PBXBuildFile; fileRef = EE0A8B5D2AF9B01C001C3F41 /* UILabel+.swift */; };
		EE0A8B602AFA7FD2001C3F41 /* SearchResultCell.swift in Sources */ = {isa = PBXBuildFile; fileRef = EE0A8B5F2AFA7FD2001C3F41 /* SearchResultCell.swift */; };
		EE0A8B632AFCB572001C3F41 /* BookMarkCell.swift in Sources */ = {isa = PBXBuildFile; fileRef = EE0A8B622AFCB572001C3F41 /* BookMarkCell.swift */; };
		EE0A8B692B04FED3001C3F41 /* PostDataManager.swift in Sources */ = {isa = PBXBuildFile; fileRef = EE0A8B682B04FED3001C3F41 /* PostDataManager.swift */; };
		EE0A8B7B2B089729001C3F41 /* Pretendard-SemiBold.otf in Resources */ = {isa = PBXBuildFile; fileRef = EE0A8B722B089729001C3F41 /* Pretendard-SemiBold.otf */; };
		EE0A8B7C2B089729001C3F41 /* Pretendard-Bold.otf in Resources */ = {isa = PBXBuildFile; fileRef = EE0A8B732B089729001C3F41 /* Pretendard-Bold.otf */; };
		EE0A8B7D2B089729001C3F41 /* Pretendard-ExtraLight.otf in Resources */ = {isa = PBXBuildFile; fileRef = EE0A8B742B089729001C3F41 /* Pretendard-ExtraLight.otf */; };
		EE0A8B7E2B089729001C3F41 /* Pretendard-Light.otf in Resources */ = {isa = PBXBuildFile; fileRef = EE0A8B752B089729001C3F41 /* Pretendard-Light.otf */; };
		EE0A8B7F2B089729001C3F41 /* Pretendard-Thin.otf in Resources */ = {isa = PBXBuildFile; fileRef = EE0A8B762B089729001C3F41 /* Pretendard-Thin.otf */; };
		EE0A8B802B089729001C3F41 /* Pretendard-Regular.otf in Resources */ = {isa = PBXBuildFile; fileRef = EE0A8B772B089729001C3F41 /* Pretendard-Regular.otf */; };
		EE0A8B812B089729001C3F41 /* Pretendard-Medium.otf in Resources */ = {isa = PBXBuildFile; fileRef = EE0A8B782B089729001C3F41 /* Pretendard-Medium.otf */; };
		EE0A8B822B089729001C3F41 /* Pretendard-ExtraBold.otf in Resources */ = {isa = PBXBuildFile; fileRef = EE0A8B792B089729001C3F41 /* Pretendard-ExtraBold.otf */; };
		EE0A8B832B089729001C3F41 /* Pretendard-Black.otf in Resources */ = {isa = PBXBuildFile; fileRef = EE0A8B7A2B089729001C3F41 /* Pretendard-Black.otf */; };
		EE0A8B852B0A22F7001C3F41 /* PostDetailManager.swift in Sources */ = {isa = PBXBuildFile; fileRef = EE0A8B842B0A22F7001C3F41 /* PostDetailManager.swift */; };
		EE1E44112B17222200223436 /* MyPostCell.swift in Sources */ = {isa = PBXBuildFile; fileRef = EE1E44102B17222200223436 /* MyPostCell.swift */; };
		EE1E44162B172ACB00223436 /* MyPostViewController.swift in Sources */ = {isa = PBXBuildFile; fileRef = EE1E44152B172ACB00223436 /* MyPostViewController.swift */; };
		EE1E441B2B18641600223436 /* MyParticipataeStudyVC.swift in Sources */ = {isa = PBXBuildFile; fileRef = EE1E441A2B18641600223436 /* MyParticipataeStudyVC.swift */; };
		EE1E441D2B18666800223436 /* MyParticipateCell.swift in Sources */ = {isa = PBXBuildFile; fileRef = EE1E441C2B18666800223436 /* MyParticipateCell.swift */; };
		EE271F1C2AD04ACE00190E7A /* TokenManager.swift in Sources */ = {isa = PBXBuildFile; fileRef = EE271F1B2AD04ACE00190E7A /* TokenManager.swift */; };
		EE271F1E2AD04BB300190E7A /* UserToken.swift in Sources */ = {isa = PBXBuildFile; fileRef = EE271F1D2AD04BB300190E7A /* UserToken.swift */; };
		EE271F202AD0584100190E7A /* UIColor+.swift in Sources */ = {isa = PBXBuildFile; fileRef = EE271F1F2AD0584100190E7A /* UIColor+.swift */; };
		EE271F242AD77C0E00190E7A /* LoginManager.swift in Sources */ = {isa = PBXBuildFile; fileRef = EE271F232AD77C0E00190E7A /* LoginManager.swift */; };
		EE271F262AD77CD100190E7A /* UIViewcontroller+.swift in Sources */ = {isa = PBXBuildFile; fileRef = EE271F252AD77CD100190E7A /* UIViewcontroller+.swift */; };
		EE271F282AD7852900190E7A /* TapBar.swift in Sources */ = {isa = PBXBuildFile; fileRef = EE271F272AD7852900190E7A /* TapBar.swift */; };
		EE271F2A2AD8B9FA00190E7A /* String+.swift in Sources */ = {isa = PBXBuildFile; fileRef = EE271F292AD8B9FA00190E7A /* String+.swift */; };
		EE271F2C2AD9250F00190E7A /* UIView+.swift in Sources */ = {isa = PBXBuildFile; fileRef = EE271F2B2AD9250F00190E7A /* UIView+.swift */; };
		EE35ED7B2B15F829008040E2 /* MyPageViewController.swift in Sources */ = {isa = PBXBuildFile; fileRef = EE35ED7A2B15F829008040E2 /* MyPageViewController.swift */; };
		EEB51E8F2B103C2300C23AB4 /* MyInformationViewController.swift in Sources */ = {isa = PBXBuildFile; fileRef = EEB51E872B103C2300C23AB4 /* MyInformationViewController.swift */; };
		EEB51E902B103C2300C23AB4 /* EditnicknameViewController.swift in Sources */ = {isa = PBXBuildFile; fileRef = EEB51E882B103C2300C23AB4 /* EditnicknameViewController.swift */; };
		EEB51E9A2B10931500C23AB4 /* UIButton+.swift in Sources */ = {isa = PBXBuildFile; fileRef = EEB51E992B10931500C23AB4 /* UIButton+.swift */; };
		EEC05ED52B15FA0E001602AE /* InfoManager.swift in Sources */ = {isa = PBXBuildFile; fileRef = EEB51E842B103C2300C23AB4 /* InfoManager.swift */; };
		F80421922A7D6816006C6B87 /* AppDelegate.swift in Sources */ = {isa = PBXBuildFile; fileRef = F80421912A7D6816006C6B87 /* AppDelegate.swift */; };
		F80421942A7D6816006C6B87 /* SceneDelegate.swift in Sources */ = {isa = PBXBuildFile; fileRef = F80421932A7D6816006C6B87 /* SceneDelegate.swift */; };
		F80421962A7D6816006C6B87 /* LoginViewController.swift in Sources */ = {isa = PBXBuildFile; fileRef = F80421952A7D6816006C6B87 /* LoginViewController.swift */; };
		F80421992A7D6816006C6B87 /* Main.storyboard in Resources */ = {isa = PBXBuildFile; fileRef = F80421972A7D6816006C6B87 /* Main.storyboard */; };
		F804219B2A7D6818006C6B87 /* Assets.xcassets in Resources */ = {isa = PBXBuildFile; fileRef = F804219A2A7D6818006C6B87 /* Assets.xcassets */; };
		F804219E2A7D6818006C6B87 /* LaunchScreen.storyboard in Resources */ = {isa = PBXBuildFile; fileRef = F804219C2A7D6818006C6B87 /* LaunchScreen.storyboard */; };
		F80421C82A7D800E006C6B87 /* SignUpViewController.swift in Sources */ = {isa = PBXBuildFile; fileRef = F80421C72A7D800E006C6B87 /* SignUpViewController.swift */; };
		F80421CA2A7D9534006C6B87 /* PasswordViewController.swift in Sources */ = {isa = PBXBuildFile; fileRef = F80421C92A7D9534006C6B87 /* PasswordViewController.swift */; };
		F80421CC2A7D9BC3006C6B87 /* NicknameViewController.swift in Sources */ = {isa = PBXBuildFile; fileRef = F80421CB2A7D9BC3006C6B87 /* NicknameViewController.swift */; };
		F80421CE2A7DA2F3006C6B87 /* DepartmentViewController.swift in Sources */ = {isa = PBXBuildFile; fileRef = F80421CD2A7DA2F3006C6B87 /* DepartmentViewController.swift */; };
		F8085D3E2A7E9E270067D4DE /* CompleteViewController.swift in Sources */ = {isa = PBXBuildFile; fileRef = F8085D3D2A7E9E270067D4DE /* CompleteViewController.swift */; };
		F8085D412A815DCD0067D4DE /* HomeViewController.swift in Sources */ = {isa = PBXBuildFile; fileRef = F8085D402A815DCD0067D4DE /* HomeViewController.swift */; };
		F8085D442A81846C0067D4DE /* StudyViewController.swift in Sources */ = {isa = PBXBuildFile; fileRef = F8085D432A81846C0067D4DE /* StudyViewController.swift */; };
		F86E031F2A8BBAE600164976 /* SearchViewController.swift in Sources */ = {isa = PBXBuildFile; fileRef = F86E031E2A8BBAE600164976 /* SearchViewController.swift */; };
		F86E03212A8BFC8000164976 /* DetailsViewController.swift in Sources */ = {isa = PBXBuildFile; fileRef = F86E03202A8BFC8000164976 /* DetailsViewController.swift */; };
		F87377592AA850940055B041 /* DepartmentselectViewController.swift in Sources */ = {isa = PBXBuildFile; fileRef = F87377582AA850940055B041 /* DepartmentselectViewController.swift */; };
		F873775B2AACD41D0055B041 /* BookmarkViewController.swift in Sources */ = {isa = PBXBuildFile; fileRef = F873775A2AACD41D0055B041 /* BookmarkViewController.swift */; };
		F88AB33F2A95236B001D619C /* CreatestudyViewController.swift in Sources */ = {isa = PBXBuildFile; fileRef = F88AB33E2A95236B001D619C /* CreatestudyViewController.swift */; };
/* End PBXBuildFile section */

/* Begin PBXFileReference section */
		16AE9AD51C6A978718771E4F /* Pods-STUDYHUB2.release.xcconfig */ = {isa = PBXFileReference; includeInIndex = 1; lastKnownFileType = text.xcconfig; name = "Pods-STUDYHUB2.release.xcconfig"; path = "Target Support Files/Pods-STUDYHUB2/Pods-STUDYHUB2.release.xcconfig"; sourceTree = "<group>"; };
		3B7F694AC03A7D0B3AD86F5E /* Pods-STUDYHUB2Tests.debug.xcconfig */ = {isa = PBXFileReference; includeInIndex = 1; lastKnownFileType = text.xcconfig; name = "Pods-STUDYHUB2Tests.debug.xcconfig"; path = "Target Support Files/Pods-STUDYHUB2Tests/Pods-STUDYHUB2Tests.debug.xcconfig"; sourceTree = "<group>"; };
		584F15E61753B04A30CF0551 /* Pods-STUDYHUB2.debug.xcconfig */ = {isa = PBXFileReference; includeInIndex = 1; lastKnownFileType = text.xcconfig; name = "Pods-STUDYHUB2.debug.xcconfig"; path = "Target Support Files/Pods-STUDYHUB2/Pods-STUDYHUB2.debug.xcconfig"; sourceTree = "<group>"; };
		5A3D4E6F9B68D080EFA421F2 /* Pods_STUDYHUB2_STUDYHUB2UITests.framework */ = {isa = PBXFileReference; explicitFileType = wrapper.framework; includeInIndex = 0; path = Pods_STUDYHUB2_STUDYHUB2UITests.framework; sourceTree = BUILT_PRODUCTS_DIR; };
		71A24E26719E78765C8CE193 /* Pods-STUDYHUB2-STUDYHUB2UITests.debug.xcconfig */ = {isa = PBXFileReference; includeInIndex = 1; lastKnownFileType = text.xcconfig; name = "Pods-STUDYHUB2-STUDYHUB2UITests.debug.xcconfig"; path = "Target Support Files/Pods-STUDYHUB2-STUDYHUB2UITests/Pods-STUDYHUB2-STUDYHUB2UITests.debug.xcconfig"; sourceTree = "<group>"; };
		DCCACD447CB2D4D12DF49A45 /* Pods-STUDYHUB2Tests.release.xcconfig */ = {isa = PBXFileReference; includeInIndex = 1; lastKnownFileType = text.xcconfig; name = "Pods-STUDYHUB2Tests.release.xcconfig"; path = "Target Support Files/Pods-STUDYHUB2Tests/Pods-STUDYHUB2Tests.release.xcconfig"; sourceTree = "<group>"; };
		DD0AEF76B97F2D81A35C2224 /* Pods_STUDYHUB2.framework */ = {isa = PBXFileReference; explicitFileType = wrapper.framework; includeInIndex = 0; path = Pods_STUDYHUB2.framework; sourceTree = BUILT_PRODUCTS_DIR; };
		EAB52A4B4B6D3895E3DD2852 /* Pods-STUDYHUB2-STUDYHUB2UITests.release.xcconfig */ = {isa = PBXFileReference; includeInIndex = 1; lastKnownFileType = text.xcconfig; name = "Pods-STUDYHUB2-STUDYHUB2UITests.release.xcconfig"; path = "Target Support Files/Pods-STUDYHUB2-STUDYHUB2UITests/Pods-STUDYHUB2-STUDYHUB2UITests.release.xcconfig"; sourceTree = "<group>"; };
		EE07AD8F2AE106460096890F /* CreatePostManager.swift */ = {isa = PBXFileReference; lastKnownFileType = sourcecode.swift; path = CreatePostManager.swift; sourceTree = "<group>"; };
		EE07ADB42AEFC2B90096890F /* UITextField+.swift */ = {isa = PBXFileReference; lastKnownFileType = sourcecode.swift; path = "UITextField+.swift"; sourceTree = "<group>"; };
		EE07ADB82AEFE6730096890F /* PostedStudyViewController.swift */ = {isa = PBXFileReference; lastKnownFileType = sourcecode.swift; path = PostedStudyViewController.swift; sourceTree = "<group>"; };
		EE07ADBC2AEFF7BD0096890F /* ConvertMajor.swift */ = {isa = PBXFileReference; lastKnownFileType = sourcecode.swift; path = ConvertMajor.swift; sourceTree = "<group>"; };
		EE07ADBE2AF0BB360096890F /* NaviHelper.swift */ = {isa = PBXFileReference; lastKnownFileType = sourcecode.swift; path = NaviHelper.swift; sourceTree = "<group>"; };
		EE07ADC02AF0D5A40096890F /* SimilarPostCell.swift */ = {isa = PBXFileReference; lastKnownFileType = sourcecode.swift; path = SimilarPostCell.swift; sourceTree = "<group>"; };
		EE07ADC22AF236260096890F /* BottomSheet.swift */ = {isa = PBXFileReference; lastKnownFileType = sourcecode.swift; path = BottomSheet.swift; sourceTree = "<group>"; };
		EE07ADC42AF2414C0096890F /* PopUpViewController.swift */ = {isa = PBXFileReference; lastKnownFileType = sourcecode.swift; path = PopUpViewController.swift; sourceTree = "<group>"; };
		EE07ADC62AF241A30096890F /* PopUpView.swift */ = {isa = PBXFileReference; lastKnownFileType = sourcecode.swift; path = PopUpView.swift; sourceTree = "<group>"; };
		EE07ADCA2AF25F440096890F /* SearchBarHelper.swift */ = {isa = PBXFileReference; lastKnownFileType = sourcecode.swift; path = SearchBarHelper.swift; sourceTree = "<group>"; };
		EE07ADCC2AF26D360096890F /* DepartMentCell.swift */ = {isa = PBXFileReference; lastKnownFileType = sourcecode.swift; path = DepartMentCell.swift; sourceTree = "<group>"; };
		EE07ADCE2AF325F80096890F /* UILabelPadding.swift */ = {isa = PBXFileReference; lastKnownFileType = sourcecode.swift; path = UILabelPadding.swift; sourceTree = "<group>"; };
		EE07ADD02AF632B80096890F /* Calendar.swift */ = {isa = PBXFileReference; lastKnownFileType = sourcecode.swift; path = Calendar.swift; sourceTree = "<group>"; };
		EE0A8B592AF932FE001C3F41 /* RecruitCell.swift */ = {isa = PBXFileReference; lastKnownFileType = sourcecode.swift; path = RecruitCell.swift; sourceTree = "<group>"; };
		EE0A8B5B2AF9330F001C3F41 /* DeadLineCell.swift */ = {isa = PBXFileReference; lastKnownFileType = sourcecode.swift; path = DeadLineCell.swift; sourceTree = "<group>"; };
		EE0A8B5D2AF9B01C001C3F41 /* UILabel+.swift */ = {isa = PBXFileReference; lastKnownFileType = sourcecode.swift; path = "UILabel+.swift"; sourceTree = "<group>"; };
		EE0A8B5F2AFA7FD2001C3F41 /* SearchResultCell.swift */ = {isa = PBXFileReference; lastKnownFileType = sourcecode.swift; path = SearchResultCell.swift; sourceTree = "<group>"; };
		EE0A8B622AFCB572001C3F41 /* BookMarkCell.swift */ = {isa = PBXFileReference; lastKnownFileType = sourcecode.swift; path = BookMarkCell.swift; sourceTree = "<group>"; };
		EE0A8B642AFDDA6E001C3F41 /* MyInformationViewController.swift */ = {isa = PBXFileReference; lastKnownFileType = sourcecode.swift; path = MyInformationViewController.swift; sourceTree = "<group>"; };
		EE0A8B682B04FED3001C3F41 /* PostDataManager.swift */ = {isa = PBXFileReference; lastKnownFileType = sourcecode.swift; path = PostDataManager.swift; sourceTree = "<group>"; };
		EE0A8B6A2B07614C001C3F41 /* MyPostViewController.swift */ = {isa = PBXFileReference; lastKnownFileType = sourcecode.swift; path = MyPostViewController.swift; sourceTree = "<group>"; };
		EE0A8B6D2B076B3F001C3F41 /* MyPostCell.swift */ = {isa = PBXFileReference; lastKnownFileType = sourcecode.swift; path = MyPostCell.swift; sourceTree = "<group>"; };
		EE0A8B6F2B0790D2001C3F41 /* MyPostInfoManager.swift */ = {isa = PBXFileReference; lastKnownFileType = sourcecode.swift; path = MyPostInfoManager.swift; sourceTree = "<group>"; };
		EE0A8B722B089729001C3F41 /* Pretendard-SemiBold.otf */ = {isa = PBXFileReference; lastKnownFileType = file; path = "Pretendard-SemiBold.otf"; sourceTree = "<group>"; };
		EE0A8B732B089729001C3F41 /* Pretendard-Bold.otf */ = {isa = PBXFileReference; lastKnownFileType = file; path = "Pretendard-Bold.otf"; sourceTree = "<group>"; };
		EE0A8B742B089729001C3F41 /* Pretendard-ExtraLight.otf */ = {isa = PBXFileReference; lastKnownFileType = file; path = "Pretendard-ExtraLight.otf"; sourceTree = "<group>"; };
		EE0A8B752B089729001C3F41 /* Pretendard-Light.otf */ = {isa = PBXFileReference; lastKnownFileType = file; path = "Pretendard-Light.otf"; sourceTree = "<group>"; };
		EE0A8B762B089729001C3F41 /* Pretendard-Thin.otf */ = {isa = PBXFileReference; lastKnownFileType = file; path = "Pretendard-Thin.otf"; sourceTree = "<group>"; };
		EE0A8B772B089729001C3F41 /* Pretendard-Regular.otf */ = {isa = PBXFileReference; lastKnownFileType = file; path = "Pretendard-Regular.otf"; sourceTree = "<group>"; };
		EE0A8B782B089729001C3F41 /* Pretendard-Medium.otf */ = {isa = PBXFileReference; lastKnownFileType = file; path = "Pretendard-Medium.otf"; sourceTree = "<group>"; };
		EE0A8B792B089729001C3F41 /* Pretendard-ExtraBold.otf */ = {isa = PBXFileReference; lastKnownFileType = file; path = "Pretendard-ExtraBold.otf"; sourceTree = "<group>"; };
		EE0A8B7A2B089729001C3F41 /* Pretendard-Black.otf */ = {isa = PBXFileReference; lastKnownFileType = file; path = "Pretendard-Black.otf"; sourceTree = "<group>"; };
		EE0A8B842B0A22F7001C3F41 /* PostDetailManager.swift */ = {isa = PBXFileReference; lastKnownFileType = sourcecode.swift; path = PostDetailManager.swift; sourceTree = "<group>"; };
		EE1E44102B17222200223436 /* MyPostCell.swift */ = {isa = PBXFileReference; fileEncoding = 4; lastKnownFileType = sourcecode.swift; name = MyPostCell.swift; path = STUDYHUB2/MAIN/MyPage/MainInfo/MyPostCell.swift; sourceTree = SOURCE_ROOT; };
		EE1E44152B172ACB00223436 /* MyPostViewController.swift */ = {isa = PBXFileReference; fileEncoding = 4; lastKnownFileType = sourcecode.swift; name = MyPostViewController.swift; path = STUDYHUB2/MAIN/MyPage/MyPostViewController.swift; sourceTree = SOURCE_ROOT; };
		EE1E441A2B18641600223436 /* MyParticipataeStudyVC.swift */ = {isa = PBXFileReference; lastKnownFileType = sourcecode.swift; path = MyParticipataeStudyVC.swift; sourceTree = "<group>"; };
		EE1E441C2B18666800223436 /* MyParticipateCell.swift */ = {isa = PBXFileReference; lastKnownFileType = sourcecode.swift; path = MyParticipateCell.swift; sourceTree = "<group>"; };
		EE271F1B2AD04ACE00190E7A /* TokenManager.swift */ = {isa = PBXFileReference; lastKnownFileType = sourcecode.swift; path = TokenManager.swift; sourceTree = "<group>"; };
		EE271F1D2AD04BB300190E7A /* UserToken.swift */ = {isa = PBXFileReference; lastKnownFileType = sourcecode.swift; path = UserToken.swift; sourceTree = "<group>"; };
		EE271F1F2AD0584100190E7A /* UIColor+.swift */ = {isa = PBXFileReference; lastKnownFileType = sourcecode.swift; path = "UIColor+.swift"; sourceTree = "<group>"; };
		EE271F232AD77C0E00190E7A /* LoginManager.swift */ = {isa = PBXFileReference; lastKnownFileType = sourcecode.swift; path = LoginManager.swift; sourceTree = "<group>"; };
		EE271F252AD77CD100190E7A /* UIViewcontroller+.swift */ = {isa = PBXFileReference; lastKnownFileType = sourcecode.swift; path = "UIViewcontroller+.swift"; sourceTree = "<group>"; };
		EE271F272AD7852900190E7A /* TapBar.swift */ = {isa = PBXFileReference; lastKnownFileType = sourcecode.swift; path = TapBar.swift; sourceTree = "<group>"; };
		EE271F292AD8B9FA00190E7A /* String+.swift */ = {isa = PBXFileReference; lastKnownFileType = sourcecode.swift; path = "String+.swift"; sourceTree = "<group>"; };
		EE271F2B2AD9250F00190E7A /* UIView+.swift */ = {isa = PBXFileReference; lastKnownFileType = sourcecode.swift; path = "UIView+.swift"; sourceTree = "<group>"; };
		EE35ED6B2B14B71A008040E2 /* ParticipateCell.swift */ = {isa = PBXFileReference; lastKnownFileType = sourcecode.swift; path = ParticipateCell.swift; sourceTree = "<group>"; };
		EE35ED6F2B14BAA9008040E2 /* RefuseCell.swift */ = {isa = PBXFileReference; lastKnownFileType = sourcecode.swift; path = RefuseCell.swift; sourceTree = "<group>"; };
		EE35ED7A2B15F829008040E2 /* MyPageViewController.swift */ = {isa = PBXFileReference; fileEncoding = 4; lastKnownFileType = sourcecode.swift; path = MyPageViewController.swift; sourceTree = "<group>"; };
		EEB51E842B103C2300C23AB4 /* InfoManager.swift */ = {isa = PBXFileReference; fileEncoding = 4; lastKnownFileType = sourcecode.swift; name = InfoManager.swift; path = "../../../../../Documents/study-hub-iOS-yongheon/STUDYHUB2/MAIN/MyPage/InfoManager.swift"; sourceTree = "<group>"; };
		EEB51E852B103C2300C23AB4 /* MyPageViewController.swift */ = {isa = PBXFileReference; fileEncoding = 4; lastKnownFileType = sourcecode.swift; name = MyPageViewController.swift; path = ../MyPageViewController.swift; sourceTree = "<group>"; };
		EEB51E872B103C2300C23AB4 /* MyInformationViewController.swift */ = {isa = PBXFileReference; fileEncoding = 4; lastKnownFileType = sourcecode.swift; path = MyInformationViewController.swift; sourceTree = "<group>"; };
		EEB51E882B103C2300C23AB4 /* EditnicknameViewController.swift */ = {isa = PBXFileReference; fileEncoding = 4; lastKnownFileType = sourcecode.swift; path = EditnicknameViewController.swift; sourceTree = "<group>"; };
		EEB51E8A2B103C2300C23AB4 /* MyPostInfoManager.swift */ = {isa = PBXFileReference; fileEncoding = 4; lastKnownFileType = sourcecode.swift; path = MyPostInfoManager.swift; sourceTree = "<group>"; };
		EEB51E942B1075A500C23AB4 /* CheckParticipantsVC.swift */ = {isa = PBXFileReference; lastKnownFileType = sourcecode.swift; path = CheckParticipantsVC.swift; sourceTree = "<group>"; };
		EEB51E972B107B7100C23AB4 /* WaitCell.swift */ = {isa = PBXFileReference; lastKnownFileType = sourcecode.swift; path = WaitCell.swift; sourceTree = "<group>"; };
		EEB51E992B10931500C23AB4 /* UIButton+.swift */ = {isa = PBXFileReference; lastKnownFileType = sourcecode.swift; path = "UIButton+.swift"; sourceTree = "<group>"; };
		EEB51E9B2B10966100C23AB4 /* RefuseBottomSheet.swift */ = {isa = PBXFileReference; lastKnownFileType = sourcecode.swift; path = RefuseBottomSheet.swift; sourceTree = "<group>"; };
		EEB51E9D2B1099CB00C23AB4 /* RefusePersonCell.swift */ = {isa = PBXFileReference; lastKnownFileType = sourcecode.swift; path = RefusePersonCell.swift; sourceTree = "<group>"; };
		EEB51E9F2B10EF4200C23AB4 /* WriteRefuseReasonVC.swift */ = {isa = PBXFileReference; lastKnownFileType = sourcecode.swift; path = WriteRefuseReasonVC.swift; sourceTree = "<group>"; };
		F804218E2A7D6816006C6B87 /* STUDYHUB2.app */ = {isa = PBXFileReference; explicitFileType = wrapper.application; includeInIndex = 0; path = STUDYHUB2.app; sourceTree = BUILT_PRODUCTS_DIR; };
		F80421912A7D6816006C6B87 /* AppDelegate.swift */ = {isa = PBXFileReference; lastKnownFileType = sourcecode.swift; path = AppDelegate.swift; sourceTree = "<group>"; };
		F80421932A7D6816006C6B87 /* SceneDelegate.swift */ = {isa = PBXFileReference; lastKnownFileType = sourcecode.swift; path = SceneDelegate.swift; sourceTree = "<group>"; };
		F80421952A7D6816006C6B87 /* LoginViewController.swift */ = {isa = PBXFileReference; lastKnownFileType = sourcecode.swift; path = LoginViewController.swift; sourceTree = "<group>"; };
		F80421982A7D6816006C6B87 /* Base */ = {isa = PBXFileReference; lastKnownFileType = file.storyboard; name = Base; path = Base.lproj/Main.storyboard; sourceTree = "<group>"; };
		F804219A2A7D6818006C6B87 /* Assets.xcassets */ = {isa = PBXFileReference; lastKnownFileType = folder.assetcatalog; path = Assets.xcassets; sourceTree = "<group>"; };
		F804219D2A7D6818006C6B87 /* Base */ = {isa = PBXFileReference; lastKnownFileType = file.storyboard; name = Base; path = Base.lproj/LaunchScreen.storyboard; sourceTree = "<group>"; };
		F804219F2A7D6818006C6B87 /* Info.plist */ = {isa = PBXFileReference; lastKnownFileType = text.plist.xml; path = Info.plist; sourceTree = "<group>"; };
		F80421C72A7D800E006C6B87 /* SignUpViewController.swift */ = {isa = PBXFileReference; lastKnownFileType = sourcecode.swift; path = SignUpViewController.swift; sourceTree = "<group>"; };
		F80421C92A7D9534006C6B87 /* PasswordViewController.swift */ = {isa = PBXFileReference; lastKnownFileType = sourcecode.swift; path = PasswordViewController.swift; sourceTree = "<group>"; };
		F80421CB2A7D9BC3006C6B87 /* NicknameViewController.swift */ = {isa = PBXFileReference; lastKnownFileType = sourcecode.swift; path = NicknameViewController.swift; sourceTree = "<group>"; };
		F80421CD2A7DA2F3006C6B87 /* DepartmentViewController.swift */ = {isa = PBXFileReference; lastKnownFileType = sourcecode.swift; path = DepartmentViewController.swift; sourceTree = "<group>"; };
		F8085D3D2A7E9E270067D4DE /* CompleteViewController.swift */ = {isa = PBXFileReference; lastKnownFileType = sourcecode.swift; path = CompleteViewController.swift; sourceTree = "<group>"; };
		F8085D402A815DCD0067D4DE /* HomeViewController.swift */ = {isa = PBXFileReference; lastKnownFileType = sourcecode.swift; path = HomeViewController.swift; sourceTree = "<group>"; };
		F8085D432A81846C0067D4DE /* StudyViewController.swift */ = {isa = PBXFileReference; lastKnownFileType = sourcecode.swift; path = StudyViewController.swift; sourceTree = "<group>"; };
		F8085D452A8184800067D4DE /* MyPageViewController.swift */ = {isa = PBXFileReference; lastKnownFileType = sourcecode.swift; path = MyPageViewController.swift; sourceTree = "<group>"; };
		F86E031E2A8BBAE600164976 /* SearchViewController.swift */ = {isa = PBXFileReference; lastKnownFileType = sourcecode.swift; path = SearchViewController.swift; sourceTree = "<group>"; };
		F86E03202A8BFC8000164976 /* DetailsViewController.swift */ = {isa = PBXFileReference; lastKnownFileType = sourcecode.swift; path = DetailsViewController.swift; sourceTree = "<group>"; };
		F87377582AA850940055B041 /* DepartmentselectViewController.swift */ = {isa = PBXFileReference; lastKnownFileType = sourcecode.swift; path = DepartmentselectViewController.swift; sourceTree = "<group>"; };
		F873775A2AACD41D0055B041 /* BookmarkViewController.swift */ = {isa = PBXFileReference; lastKnownFileType = sourcecode.swift; path = BookmarkViewController.swift; sourceTree = "<group>"; };
		F88AB33E2A95236B001D619C /* CreatestudyViewController.swift */ = {isa = PBXFileReference; lastKnownFileType = sourcecode.swift; path = CreatestudyViewController.swift; sourceTree = "<group>"; };
		FBF19D90E98D2A473BB1FACD /* Pods_STUDYHUB2Tests.framework */ = {isa = PBXFileReference; explicitFileType = wrapper.framework; includeInIndex = 0; path = Pods_STUDYHUB2Tests.framework; sourceTree = BUILT_PRODUCTS_DIR; };
/* End PBXFileReference section */

/* Begin PBXFrameworksBuildPhase section */
		F804218B2A7D6816006C6B87 /* Frameworks */ = {
			isa = PBXFrameworksBuildPhase;
			buildActionMask = 2147483647;
			files = (
				903CF32160A1EDD2ADE8AA03 /* Pods_STUDYHUB2.framework in Frameworks */,
			);
			runOnlyForDeploymentPostprocessing = 0;
		};
/* End PBXFrameworksBuildPhase section */

/* Begin PBXGroup section */
		A95864503778D56C2593BD60 /* Pods */ = {
			isa = PBXGroup;
			children = (
				584F15E61753B04A30CF0551 /* Pods-STUDYHUB2.debug.xcconfig */,
				16AE9AD51C6A978718771E4F /* Pods-STUDYHUB2.release.xcconfig */,
				71A24E26719E78765C8CE193 /* Pods-STUDYHUB2-STUDYHUB2UITests.debug.xcconfig */,
				EAB52A4B4B6D3895E3DD2852 /* Pods-STUDYHUB2-STUDYHUB2UITests.release.xcconfig */,
				3B7F694AC03A7D0B3AD86F5E /* Pods-STUDYHUB2Tests.debug.xcconfig */,
				DCCACD447CB2D4D12DF49A45 /* Pods-STUDYHUB2Tests.release.xcconfig */,
			);
			path = Pods;
			sourceTree = "<group>";
		};
		EE07ADC82AF2570E0096890F /* PostedStudy */ = {
			isa = PBXGroup;
			children = (
				EE07ADB82AEFE6730096890F /* PostedStudyViewController.swift */,
				EE07ADC02AF0D5A40096890F /* SimilarPostCell.swift */,
			);
			path = PostedStudy;
			sourceTree = "<group>";
		};
		EE07ADC92AF25F1E0096890F /* Helper */ = {
			isa = PBXGroup;
			children = (
				EE07ADBE2AF0BB360096890F /* NaviHelper.swift */,
				EE07ADCA2AF25F440096890F /* SearchBarHelper.swift */,
				EE271F272AD7852900190E7A /* TapBar.swift */,
				EE07ADCE2AF325F80096890F /* UILabelPadding.swift */,
				EE07ADBC2AEFF7BD0096890F /* ConvertMajor.swift */,
				EE07ADC22AF236260096890F /* BottomSheet.swift */,
				EE07ADC42AF2414C0096890F /* PopUpViewController.swift */,
				EE07ADC62AF241A30096890F /* PopUpView.swift */,
			);
			path = Helper;
			sourceTree = "<group>";
		};
		EE07ADD22AF632C40096890F /* SelectDepartment */ = {
			isa = PBXGroup;
			children = (
				F87377582AA850940055B041 /* DepartmentselectViewController.swift */,
				EE07ADCC2AF26D360096890F /* DepartMentCell.swift */,
			);
			path = SelectDepartment;
			sourceTree = "<group>";
		};
		EE0A8B582AF93255001C3F41 /* HomeView */ = {
			isa = PBXGroup;
			children = (
				F8085D402A815DCD0067D4DE /* HomeViewController.swift */,
				F86E03202A8BFC8000164976 /* DetailsViewController.swift */,
				EE0A8B592AF932FE001C3F41 /* RecruitCell.swift */,
				EE0A8B5B2AF9330F001C3F41 /* DeadLineCell.swift */,
			);
			path = HomeView;
			sourceTree = "<group>";
		};
		EE0A8B612AFCB4DC001C3F41 /* BookMark */ = {
			isa = PBXGroup;
			children = (
				F873775A2AACD41D0055B041 /* BookmarkViewController.swift */,
				EE0A8B622AFCB572001C3F41 /* BookMarkCell.swift */,
			);
			path = BookMark;
			sourceTree = "<group>";
		};
		EE0A8B712B0896B4001C3F41 /* Font */ = {
			isa = PBXGroup;
			children = (
				EE0A8B7A2B089729001C3F41 /* Pretendard-Black.otf */,
				EE0A8B732B089729001C3F41 /* Pretendard-Bold.otf */,
				EE0A8B792B089729001C3F41 /* Pretendard-ExtraBold.otf */,
				EE0A8B742B089729001C3F41 /* Pretendard-ExtraLight.otf */,
				EE0A8B752B089729001C3F41 /* Pretendard-Light.otf */,
				EE0A8B782B089729001C3F41 /* Pretendard-Medium.otf */,
				EE0A8B772B089729001C3F41 /* Pretendard-Regular.otf */,
				EE0A8B722B089729001C3F41 /* Pretendard-SemiBold.otf */,
				EE0A8B762B089729001C3F41 /* Pretendard-Thin.otf */,
			);
			path = Font;
			sourceTree = "<group>";
		};
		EE1E44172B18635600223436 /* MyParticipateStudy */ = {
			isa = PBXGroup;
			children = (
				EE1E441A2B18641600223436 /* MyParticipataeStudyVC.swift */,
				EE1E441C2B18666800223436 /* MyParticipateCell.swift */,
			);
			path = MyParticipateStudy;
			sourceTree = "<group>";
		};
		EE271F212AD0584900190E7A /* Extension */ = {
			isa = PBXGroup;
			children = (
				EE271F1F2AD0584100190E7A /* UIColor+.swift */,
				EE271F2B2AD9250F00190E7A /* UIView+.swift */,
				EE271F292AD8B9FA00190E7A /* String+.swift */,
				EEB51E992B10931500C23AB4 /* UIButton+.swift */,
				EE07ADB42AEFC2B90096890F /* UITextField+.swift */,
				EE0A8B5D2AF9B01C001C3F41 /* UILabel+.swift */,
				EE271F252AD77CD100190E7A /* UIViewcontroller+.swift */,
			);
			path = Extension;
			sourceTree = "<group>";
		};
		EE271F222AD0FB3F00190E7A /* Token */ = {
			isa = PBXGroup;
			children = (
				EE271F1D2AD04BB300190E7A /* UserToken.swift */,
				EE271F1B2AD04ACE00190E7A /* TokenManager.swift */,
			);
			path = Token;
			sourceTree = "<group>";
		};
		EE35ED6D2B14B7E2008040E2 /* Participate */ = {
			isa = PBXGroup;
			children = (
				EE35ED6B2B14B71A008040E2 /* ParticipateCell.swift */,
			);
			path = Participate;
			sourceTree = "<group>";
		};
		EE35ED6E2B14BA95008040E2 /* Refuse */ = {
			isa = PBXGroup;
			children = (
				EEB51E9D2B1099CB00C23AB4 /* RefusePersonCell.swift */,
			);
			path = Refuse;
			sourceTree = "<group>";
		};
		EEB51E722B103C0100C23AB4 /* Recovered References */ = {
			isa = PBXGroup;
			children = (
				EE0A8B6A2B07614C001C3F41 /* MyPostViewController.swift */,
				EE0A8B6F2B0790D2001C3F41 /* MyPostInfoManager.swift */,
				EE0A8B642AFDDA6E001C3F41 /* MyInformationViewController.swift */,
				EE0A8B6D2B076B3F001C3F41 /* MyPostCell.swift */,
				F8085D452A8184800067D4DE /* MyPageViewController.swift */,
			);
			name = "Recovered References";
			sourceTree = "<group>";
		};
		EEB51E862B103C2300C23AB4 /* INFO */ = {
			isa = PBXGroup;
			children = (
				EEB51E872B103C2300C23AB4 /* MyInformationViewController.swift */,
				EEB51E882B103C2300C23AB4 /* EditnicknameViewController.swift */,
			);
			name = INFO;
			path = "../../../../../Documents/study-hub-iOS-yongheon/STUDYHUB2/MAIN/MyPage/INFO";
			sourceTree = "<group>";
		};
		EEB51E892B103C2300C23AB4 /* MyPost */ = {
			isa = PBXGroup;
			children = (
				EE1E44152B172ACB00223436 /* MyPostViewController.swift */,
				EEB51E852B103C2300C23AB4 /* MyPageViewController.swift */,
				EEB51E8A2B103C2300C23AB4 /* MyPostInfoManager.swift */,
				EE1E44102B17222200223436 /* MyPostCell.swift */,
				EEB51E962B107B5600C23AB4 /* Participants */,
			);
			name = MyPost;
			path = MainInfo;
			sourceTree = "<group>";
		};
		EEB51E962B107B5600C23AB4 /* Participants */ = {
			isa = PBXGroup;
			children = (
				EEB51E942B1075A500C23AB4 /* CheckParticipantsVC.swift */,
				EEB51EA22B145B8000C23AB4 /* Wait */,
				EE35ED6D2B14B7E2008040E2 /* Participate */,
				EE35ED6E2B14BA95008040E2 /* Refuse */,
			);
			name = Participants;
			path = ../Participants;
			sourceTree = "<group>";
		};
		EEB51EA22B145B8000C23AB4 /* Wait */ = {
			isa = PBXGroup;
			children = (
				EEB51E972B107B7100C23AB4 /* WaitCell.swift */,
				EEB51E9B2B10966100C23AB4 /* RefuseBottomSheet.swift */,
				EEB51E9F2B10EF4200C23AB4 /* WriteRefuseReasonVC.swift */,
				EE35ED6F2B14BAA9008040E2 /* RefuseCell.swift */,
			);
			path = Wait;
			sourceTree = "<group>";
		};
		F4E2C96E19FEA11B39F5379C /* Frameworks */ = {
			isa = PBXGroup;
			children = (
				DD0AEF76B97F2D81A35C2224 /* Pods_STUDYHUB2.framework */,
				5A3D4E6F9B68D080EFA421F2 /* Pods_STUDYHUB2_STUDYHUB2UITests.framework */,
				FBF19D90E98D2A473BB1FACD /* Pods_STUDYHUB2Tests.framework */,
			);
			name = Frameworks;
			sourceTree = "<group>";
		};
		F80421852A7D6816006C6B87 = {
			isa = PBXGroup;
			children = (
				F80421902A7D6816006C6B87 /* STUDYHUB2 */,
				F804218F2A7D6816006C6B87 /* Products */,
				A95864503778D56C2593BD60 /* Pods */,
				F4E2C96E19FEA11B39F5379C /* Frameworks */,
				EEB51E722B103C0100C23AB4 /* Recovered References */,
			);
			sourceTree = "<group>";
		};
		F804218F2A7D6816006C6B87 /* Products */ = {
			isa = PBXGroup;
			children = (
				F804218E2A7D6816006C6B87 /* STUDYHUB2.app */,
			);
			name = Products;
			sourceTree = "<group>";
		};
		F80421902A7D6816006C6B87 /* STUDYHUB2 */ = {
			isa = PBXGroup;
			children = (
				F80421912A7D6816006C6B87 /* AppDelegate.swift */,
				F80421932A7D6816006C6B87 /* SceneDelegate.swift */,
				EE07ADC92AF25F1E0096890F /* Helper */,
				EE271F212AD0584900190E7A /* Extension */,
				F8085D3F2A815DB00067D4DE /* MAIN */,
				EE0A8B712B0896B4001C3F41 /* Font */,
				F80421972A7D6816006C6B87 /* Main.storyboard */,
				F804219A2A7D6818006C6B87 /* Assets.xcassets */,
				F804219C2A7D6818006C6B87 /* LaunchScreen.storyboard */,
				F804219F2A7D6818006C6B87 /* Info.plist */,
			);
			path = STUDYHUB2;
			sourceTree = "<group>";
		};
		F80421C42A7D7C25006C6B87 /* SignUp */ = {
			isa = PBXGroup;
			children = (
				F80421C72A7D800E006C6B87 /* SignUpViewController.swift */,
				F80421C92A7D9534006C6B87 /* PasswordViewController.swift */,
				F80421CB2A7D9BC3006C6B87 /* NicknameViewController.swift */,
				F80421CD2A7DA2F3006C6B87 /* DepartmentViewController.swift */,
				F8085D3D2A7E9E270067D4DE /* CompleteViewController.swift */,
			);
			path = SignUp;
			sourceTree = "<group>";
		};
		F8085D3F2A815DB00067D4DE /* MAIN */ = {
			isa = PBXGroup;
			children = (
				EE271F222AD0FB3F00190E7A /* Token */,
				EE271F232AD77C0E00190E7A /* LoginManager.swift */,
				F80421952A7D6816006C6B87 /* LoginViewController.swift */,
				F80421C42A7D7C25006C6B87 /* SignUp */,
				F89A010E2A8686B500B4C10D /* Home */,
				F89A01652A87FAE000B4C10D /* STUDY */,
				F89A01662A87FAF600B4C10D /* MyPage */,
			);
			path = MAIN;
			sourceTree = "<group>";
		};
		F88AB3472A9E71A4001D619C /* CreateStudy */ = {
			isa = PBXGroup;
			children = (
				EE07AD8F2AE106460096890F /* CreatePostManager.swift */,
				F88AB33E2A95236B001D619C /* CreatestudyViewController.swift */,
				EE07ADD02AF632B80096890F /* Calendar.swift */,
				EE07ADD22AF632C40096890F /* SelectDepartment */,
			);
			path = CreateStudy;
			sourceTree = "<group>";
		};
		F89A010E2A8686B500B4C10D /* Home */ = {
			isa = PBXGroup;
			children = (
				EE0A8B682B04FED3001C3F41 /* PostDataManager.swift */,
				EE0A8B582AF93255001C3F41 /* HomeView */,
				F86E031E2A8BBAE600164976 /* SearchViewController.swift */,
				EE0A8B5F2AFA7FD2001C3F41 /* SearchResultCell.swift */,
			);
			path = Home;
			sourceTree = "<group>";
		};
		F89A01652A87FAE000B4C10D /* STUDY */ = {
			isa = PBXGroup;
			children = (
				F8085D432A81846C0067D4DE /* StudyViewController.swift */,
				EE0A8B842B0A22F7001C3F41 /* PostDetailManager.swift */,
				F88AB3472A9E71A4001D619C /* CreateStudy */,
				EE07ADC82AF2570E0096890F /* PostedStudy */,
				EE0A8B612AFCB4DC001C3F41 /* BookMark */,
			);
			path = STUDY;
			sourceTree = "<group>";
		};
		F89A01662A87FAF600B4C10D /* MyPage */ = {
			isa = PBXGroup;
			children = (
				EE35ED7A2B15F829008040E2 /* MyPageViewController.swift */,
				EEB51E842B103C2300C23AB4 /* InfoManager.swift */,
				EE1E44172B18635600223436 /* MyParticipateStudy */,
				EEB51E862B103C2300C23AB4 /* INFO */,
				EEB51E892B103C2300C23AB4 /* MyPost */,
			);
			path = MyPage;
			sourceTree = "<group>";
		};
/* End PBXGroup section */

/* Begin PBXNativeTarget section */
		F804218D2A7D6816006C6B87 /* STUDYHUB2 */ = {
			isa = PBXNativeTarget;
			buildConfigurationList = F80421B82A7D6818006C6B87 /* Build configuration list for PBXNativeTarget "STUDYHUB2" */;
			buildPhases = (
				3CE1BAD53981BF7967B3017A /* [CP] Check Pods Manifest.lock */,
				F804218A2A7D6816006C6B87 /* Sources */,
				F804218B2A7D6816006C6B87 /* Frameworks */,
				F804218C2A7D6816006C6B87 /* Resources */,
				9EE2C9E0385B3798360F0103 /* [CP] Embed Pods Frameworks */,
			);
			buildRules = (
			);
			dependencies = (
			);
			name = STUDYHUB2;
			packageProductDependencies = (
			);
			productName = STUDYHUB2;
			productReference = F804218E2A7D6816006C6B87 /* STUDYHUB2.app */;
			productType = "com.apple.product-type.application";
		};
/* End PBXNativeTarget section */

/* Begin PBXProject section */
		F80421862A7D6816006C6B87 /* Project object */ = {
			isa = PBXProject;
			attributes = {
				BuildIndependentTargetsInParallel = 1;
				LastSwiftUpdateCheck = 1430;
				LastUpgradeCheck = 1430;
				TargetAttributes = {
					F804218D2A7D6816006C6B87 = {
						CreatedOnToolsVersion = 14.3.1;
					};
				};
			};
			buildConfigurationList = F80421892A7D6816006C6B87 /* Build configuration list for PBXProject "STUDYHUB2" */;
			compatibilityVersion = "Xcode 14.0";
			developmentRegion = en;
			hasScannedForEncodings = 0;
			knownRegions = (
				en,
				Base,
			);
			mainGroup = F80421852A7D6816006C6B87;
			packageReferences = (
				EE1E44122B17228B00223436 /* XCRemoteSwiftPackageReference "SnapKit" */,
			);
			productRefGroup = F804218F2A7D6816006C6B87 /* Products */;
			projectDirPath = "";
			projectRoot = "";
			targets = (
				F804218D2A7D6816006C6B87 /* STUDYHUB2 */,
			);
		};
/* End PBXProject section */

/* Begin PBXResourcesBuildPhase section */
		F804218C2A7D6816006C6B87 /* Resources */ = {
			isa = PBXResourcesBuildPhase;
			buildActionMask = 2147483647;
			files = (
				EE0A8B7D2B089729001C3F41 /* Pretendard-ExtraLight.otf in Resources */,
				EE0A8B812B089729001C3F41 /* Pretendard-Medium.otf in Resources */,
				F804219E2A7D6818006C6B87 /* LaunchScreen.storyboard in Resources */,
				EE0A8B7C2B089729001C3F41 /* Pretendard-Bold.otf in Resources */,
				EE0A8B7F2B089729001C3F41 /* Pretendard-Thin.otf in Resources */,
				EE0A8B802B089729001C3F41 /* Pretendard-Regular.otf in Resources */,
				EE0A8B822B089729001C3F41 /* Pretendard-ExtraBold.otf in Resources */,
				F804219B2A7D6818006C6B87 /* Assets.xcassets in Resources */,
				EE0A8B7E2B089729001C3F41 /* Pretendard-Light.otf in Resources */,
				F80421992A7D6816006C6B87 /* Main.storyboard in Resources */,
				EE0A8B832B089729001C3F41 /* Pretendard-Black.otf in Resources */,
				EE0A8B7B2B089729001C3F41 /* Pretendard-SemiBold.otf in Resources */,
			);
			runOnlyForDeploymentPostprocessing = 0;
		};
/* End PBXResourcesBuildPhase section */

/* Begin PBXShellScriptBuildPhase section */
		3CE1BAD53981BF7967B3017A /* [CP] Check Pods Manifest.lock */ = {
			isa = PBXShellScriptBuildPhase;
			buildActionMask = 2147483647;
			files = (
			);
			inputFileListPaths = (
			);
			inputPaths = (
				"${PODS_PODFILE_DIR_PATH}/Podfile.lock",
				"${PODS_ROOT}/Manifest.lock",
			);
			name = "[CP] Check Pods Manifest.lock";
			outputFileListPaths = (
			);
			outputPaths = (
				"$(DERIVED_FILE_DIR)/Pods-STUDYHUB2-checkManifestLockResult.txt",
			);
			runOnlyForDeploymentPostprocessing = 0;
			shellPath = /bin/sh;
			shellScript = "diff \"${PODS_PODFILE_DIR_PATH}/Podfile.lock\" \"${PODS_ROOT}/Manifest.lock\" > /dev/null\nif [ $? != 0 ] ; then\n    # print error to STDERR\n    echo \"error: The sandbox is not in sync with the Podfile.lock. Run 'pod install' or update your CocoaPods installation.\" >&2\n    exit 1\nfi\n# This output is used by Xcode 'outputs' to avoid re-running this script phase.\necho \"SUCCESS\" > \"${SCRIPT_OUTPUT_FILE_0}\"\n";
			showEnvVarsInLog = 0;
		};
		9EE2C9E0385B3798360F0103 /* [CP] Embed Pods Frameworks */ = {
			isa = PBXShellScriptBuildPhase;
			buildActionMask = 2147483647;
			files = (
			);
			inputFileListPaths = (
				"${PODS_ROOT}/Target Support Files/Pods-STUDYHUB2/Pods-STUDYHUB2-frameworks-${CONFIGURATION}-input-files.xcfilelist",
			);
			name = "[CP] Embed Pods Frameworks";
			outputFileListPaths = (
				"${PODS_ROOT}/Target Support Files/Pods-STUDYHUB2/Pods-STUDYHUB2-frameworks-${CONFIGURATION}-output-files.xcfilelist",
			);
			runOnlyForDeploymentPostprocessing = 0;
			shellPath = /bin/sh;
			shellScript = "\"${PODS_ROOT}/Target Support Files/Pods-STUDYHUB2/Pods-STUDYHUB2-frameworks.sh\"\n";
			showEnvVarsInLog = 0;
		};
/* End PBXShellScriptBuildPhase section */

/* Begin PBXSourcesBuildPhase section */
		F804218A2A7D6816006C6B87 /* Sources */ = {
			isa = PBXSourcesBuildPhase;
			buildActionMask = 2147483647;
			files = (
				EE02B10C2B15FEEE0092082F /* MyPageViewController.swift in Sources */,
				EE02B10E2B15FEEE0092082F /* MyPostInfoManager.swift in Sources */,
				EE1E441D2B18666800223436 /* MyParticipateCell.swift in Sources */,
				EE02B1112B15FEEE0092082F /* CheckParticipantsVC.swift in Sources */,
				EE02B1122B15FEEE0092082F /* WaitCell.swift in Sources */,
				EE02B1132B15FEEE0092082F /* RefuseBottomSheet.swift in Sources */,
				EE02B1142B15FEEE0092082F /* WriteRefuseReasonVC.swift in Sources */,
				EE02B1152B15FEEE0092082F /* RefusePersonCell.swift in Sources */,
				EE02B1162B15FEEE0092082F /* ParticipateCell.swift in Sources */,
				EE02B1172B15FEEE0092082F /* RefuseCell.swift in Sources */,
				EEC05ED52B15FA0E001602AE /* InfoManager.swift in Sources */,
				EE07ADD12AF632B80096890F /* Calendar.swift in Sources */,
				F8085D442A81846C0067D4DE /* StudyViewController.swift in Sources */,
				F80421962A7D6816006C6B87 /* LoginViewController.swift in Sources */,
				EE0A8B692B04FED3001C3F41 /* PostDataManager.swift in Sources */,
				EEB51E8F2B103C2300C23AB4 /* MyInformationViewController.swift in Sources */,
				EE0A8B852B0A22F7001C3F41 /* PostDetailManager.swift in Sources */,
				F873775B2AACD41D0055B041 /* BookmarkViewController.swift in Sources */,
				EE35ED7B2B15F829008040E2 /* MyPageViewController.swift in Sources */,
				EE271F1E2AD04BB300190E7A /* UserToken.swift in Sources */,
				F80421CA2A7D9534006C6B87 /* PasswordViewController.swift in Sources */,
				EE07ADC52AF2414C0096890F /* PopUpViewController.swift in Sources */,
				EEB51E9A2B10931500C23AB4 /* UIButton+.swift in Sources */,
				EEB51E902B103C2300C23AB4 /* EditnicknameViewController.swift in Sources */,
				EE07ADBD2AEFF7BD0096890F /* ConvertMajor.swift in Sources */,
				EE271F242AD77C0E00190E7A /* LoginManager.swift in Sources */,
				F80421922A7D6816006C6B87 /* AppDelegate.swift in Sources */,
				EE07ADBF2AF0BB360096890F /* NaviHelper.swift in Sources */,
				F86E03212A8BFC8000164976 /* DetailsViewController.swift in Sources */,
				EE07ADCB2AF25F440096890F /* SearchBarHelper.swift in Sources */,
				F80421C82A7D800E006C6B87 /* SignUpViewController.swift in Sources */,
				EE07ADC12AF0D5A40096890F /* SimilarPostCell.swift in Sources */,
				EE271F2A2AD8B9FA00190E7A /* String+.swift in Sources */,
				F88AB33F2A95236B001D619C /* CreatestudyViewController.swift in Sources */,
				EE0A8B632AFCB572001C3F41 /* BookMarkCell.swift in Sources */,
				EE07ADC32AF236260096890F /* BottomSheet.swift in Sources */,
				F80421CE2A7DA2F3006C6B87 /* DepartmentViewController.swift in Sources */,
				EE07ADCD2AF26D360096890F /* DepartMentCell.swift in Sources */,
				EE1E441B2B18641600223436 /* MyParticipataeStudyVC.swift in Sources */,
				EE07ADB92AEFE6730096890F /* PostedStudyViewController.swift in Sources */,
				EE0A8B5A2AF932FE001C3F41 /* RecruitCell.swift in Sources */,
				EE271F262AD77CD100190E7A /* UIViewcontroller+.swift in Sources */,
				EE271F2C2AD9250F00190E7A /* UIView+.swift in Sources */,
				F80421CC2A7D9BC3006C6B87 /* NicknameViewController.swift in Sources */,
				EE07AD902AE106460096890F /* CreatePostManager.swift in Sources */,
				F86E031F2A8BBAE600164976 /* SearchViewController.swift in Sources */,
				EE1E44112B17222200223436 /* MyPostCell.swift in Sources */,
				EE0A8B5E2AF9B01C001C3F41 /* UILabel+.swift in Sources */,
				F87377592AA850940055B041 /* DepartmentselectViewController.swift in Sources */,
				EE07ADB52AEFC2B90096890F /* UITextField+.swift in Sources */,
				EE0A8B602AFA7FD2001C3F41 /* SearchResultCell.swift in Sources */,
				EE07ADC72AF241A30096890F /* PopUpView.swift in Sources */,
				F8085D412A815DCD0067D4DE /* HomeViewController.swift in Sources */,
				F80421942A7D6816006C6B87 /* SceneDelegate.swift in Sources */,
				EE271F1C2AD04ACE00190E7A /* TokenManager.swift in Sources */,
				EE1E44162B172ACB00223436 /* MyPostViewController.swift in Sources */,
				EE271F202AD0584100190E7A /* UIColor+.swift in Sources */,
				EE07ADCF2AF325F80096890F /* UILabelPadding.swift in Sources */,
				EE271F282AD7852900190E7A /* TapBar.swift in Sources */,
				EE0A8B5C2AF9330F001C3F41 /* DeadLineCell.swift in Sources */,
				F8085D3E2A7E9E270067D4DE /* CompleteViewController.swift in Sources */,
			);
			runOnlyForDeploymentPostprocessing = 0;
		};
/* End PBXSourcesBuildPhase section */

/* Begin PBXVariantGroup section */
		F80421972A7D6816006C6B87 /* Main.storyboard */ = {
			isa = PBXVariantGroup;
			children = (
				F80421982A7D6816006C6B87 /* Base */,
			);
			name = Main.storyboard;
			sourceTree = "<group>";
		};
		F804219C2A7D6818006C6B87 /* LaunchScreen.storyboard */ = {
			isa = PBXVariantGroup;
			children = (
				F804219D2A7D6818006C6B87 /* Base */,
			);
			name = LaunchScreen.storyboard;
			sourceTree = "<group>";
		};
/* End PBXVariantGroup section */

/* Begin XCBuildConfiguration section */
		F80421B62A7D6818006C6B87 /* Debug */ = {
			isa = XCBuildConfiguration;
			buildSettings = {
				ALWAYS_SEARCH_USER_PATHS = NO;
				CLANG_ANALYZER_NONNULL = YES;
				CLANG_ANALYZER_NUMBER_OBJECT_CONVERSION = YES_AGGRESSIVE;
				CLANG_CXX_LANGUAGE_STANDARD = "gnu++20";
				CLANG_ENABLE_MODULES = YES;
				CLANG_ENABLE_OBJC_ARC = YES;
				CLANG_ENABLE_OBJC_WEAK = YES;
				CLANG_WARN_BLOCK_CAPTURE_AUTORELEASING = YES;
				CLANG_WARN_BOOL_CONVERSION = YES;
				CLANG_WARN_COMMA = YES;
				CLANG_WARN_CONSTANT_CONVERSION = YES;
				CLANG_WARN_DEPRECATED_OBJC_IMPLEMENTATIONS = YES;
				CLANG_WARN_DIRECT_OBJC_ISA_USAGE = YES_ERROR;
				CLANG_WARN_DOCUMENTATION_COMMENTS = YES;
				CLANG_WARN_EMPTY_BODY = YES;
				CLANG_WARN_ENUM_CONVERSION = YES;
				CLANG_WARN_INFINITE_RECURSION = YES;
				CLANG_WARN_INT_CONVERSION = YES;
				CLANG_WARN_NON_LITERAL_NULL_CONVERSION = YES;
				CLANG_WARN_OBJC_IMPLICIT_RETAIN_SELF = YES;
				CLANG_WARN_OBJC_LITERAL_CONVERSION = YES;
				CLANG_WARN_OBJC_ROOT_CLASS = YES_ERROR;
				CLANG_WARN_QUOTED_INCLUDE_IN_FRAMEWORK_HEADER = YES;
				CLANG_WARN_RANGE_LOOP_ANALYSIS = YES;
				CLANG_WARN_STRICT_PROTOTYPES = YES;
				CLANG_WARN_SUSPICIOUS_MOVE = YES;
				CLANG_WARN_UNGUARDED_AVAILABILITY = YES_AGGRESSIVE;
				CLANG_WARN_UNREACHABLE_CODE = YES;
				CLANG_WARN__DUPLICATE_METHOD_MATCH = YES;
				COPY_PHASE_STRIP = NO;
				DEBUG_INFORMATION_FORMAT = dwarf;
				ENABLE_STRICT_OBJC_MSGSEND = YES;
				ENABLE_TESTABILITY = YES;
				GCC_C_LANGUAGE_STANDARD = gnu11;
				GCC_DYNAMIC_NO_PIC = NO;
				GCC_NO_COMMON_BLOCKS = YES;
				GCC_OPTIMIZATION_LEVEL = 0;
				GCC_PREPROCESSOR_DEFINITIONS = (
					"DEBUG=1",
					"$(inherited)",
				);
				GCC_WARN_64_TO_32_BIT_CONVERSION = YES;
				GCC_WARN_ABOUT_RETURN_TYPE = YES_ERROR;
				GCC_WARN_UNDECLARED_SELECTOR = YES;
				GCC_WARN_UNINITIALIZED_AUTOS = YES_AGGRESSIVE;
				GCC_WARN_UNUSED_FUNCTION = YES;
				GCC_WARN_UNUSED_VARIABLE = YES;
				IPHONEOS_DEPLOYMENT_TARGET = 16.4;
				MTL_ENABLE_DEBUG_INFO = INCLUDE_SOURCE;
				MTL_FAST_MATH = YES;
				ONLY_ACTIVE_ARCH = YES;
				SDKROOT = iphoneos;
				SWIFT_ACTIVE_COMPILATION_CONDITIONS = DEBUG;
				SWIFT_OPTIMIZATION_LEVEL = "-Onone";
			};
			name = Debug;
		};
		F80421B72A7D6818006C6B87 /* Release */ = {
			isa = XCBuildConfiguration;
			buildSettings = {
				ALWAYS_SEARCH_USER_PATHS = NO;
				CLANG_ANALYZER_NONNULL = YES;
				CLANG_ANALYZER_NUMBER_OBJECT_CONVERSION = YES_AGGRESSIVE;
				CLANG_CXX_LANGUAGE_STANDARD = "gnu++20";
				CLANG_ENABLE_MODULES = YES;
				CLANG_ENABLE_OBJC_ARC = YES;
				CLANG_ENABLE_OBJC_WEAK = YES;
				CLANG_WARN_BLOCK_CAPTURE_AUTORELEASING = YES;
				CLANG_WARN_BOOL_CONVERSION = YES;
				CLANG_WARN_COMMA = YES;
				CLANG_WARN_CONSTANT_CONVERSION = YES;
				CLANG_WARN_DEPRECATED_OBJC_IMPLEMENTATIONS = YES;
				CLANG_WARN_DIRECT_OBJC_ISA_USAGE = YES_ERROR;
				CLANG_WARN_DOCUMENTATION_COMMENTS = YES;
				CLANG_WARN_EMPTY_BODY = YES;
				CLANG_WARN_ENUM_CONVERSION = YES;
				CLANG_WARN_INFINITE_RECURSION = YES;
				CLANG_WARN_INT_CONVERSION = YES;
				CLANG_WARN_NON_LITERAL_NULL_CONVERSION = YES;
				CLANG_WARN_OBJC_IMPLICIT_RETAIN_SELF = YES;
				CLANG_WARN_OBJC_LITERAL_CONVERSION = YES;
				CLANG_WARN_OBJC_ROOT_CLASS = YES_ERROR;
				CLANG_WARN_QUOTED_INCLUDE_IN_FRAMEWORK_HEADER = YES;
				CLANG_WARN_RANGE_LOOP_ANALYSIS = YES;
				CLANG_WARN_STRICT_PROTOTYPES = YES;
				CLANG_WARN_SUSPICIOUS_MOVE = YES;
				CLANG_WARN_UNGUARDED_AVAILABILITY = YES_AGGRESSIVE;
				CLANG_WARN_UNREACHABLE_CODE = YES;
				CLANG_WARN__DUPLICATE_METHOD_MATCH = YES;
				COPY_PHASE_STRIP = NO;
				DEBUG_INFORMATION_FORMAT = "dwarf-with-dsym";
				ENABLE_NS_ASSERTIONS = NO;
				ENABLE_STRICT_OBJC_MSGSEND = YES;
				GCC_C_LANGUAGE_STANDARD = gnu11;
				GCC_NO_COMMON_BLOCKS = YES;
				GCC_WARN_64_TO_32_BIT_CONVERSION = YES;
				GCC_WARN_ABOUT_RETURN_TYPE = YES_ERROR;
				GCC_WARN_UNDECLARED_SELECTOR = YES;
				GCC_WARN_UNINITIALIZED_AUTOS = YES_AGGRESSIVE;
				GCC_WARN_UNUSED_FUNCTION = YES;
				GCC_WARN_UNUSED_VARIABLE = YES;
				IPHONEOS_DEPLOYMENT_TARGET = 16.4;
				MTL_ENABLE_DEBUG_INFO = NO;
				MTL_FAST_MATH = YES;
				SDKROOT = iphoneos;
				SWIFT_COMPILATION_MODE = wholemodule;
				SWIFT_OPTIMIZATION_LEVEL = "-O";
				VALIDATE_PRODUCT = YES;
			};
			name = Release;
		};
		F80421B92A7D6818006C6B87 /* Debug */ = {
			isa = XCBuildConfiguration;
			baseConfigurationReference = 584F15E61753B04A30CF0551 /* Pods-STUDYHUB2.debug.xcconfig */;
			buildSettings = {
				ASSETCATALOG_COMPILER_APPICON_NAME = AppIcon;
				ASSETCATALOG_COMPILER_GLOBAL_ACCENT_COLOR_NAME = AccentColor;
				CODE_SIGN_STYLE = Automatic;
				CURRENT_PROJECT_VERSION = 1;
				DEVELOPMENT_TEAM = GFRHL8DMXA;
				GENERATE_INFOPLIST_FILE = YES;
				INFOPLIST_FILE = STUDYHUB2/Info.plist;
				INFOPLIST_KEY_UIApplicationSupportsIndirectInputEvents = YES;
				INFOPLIST_KEY_UILaunchStoryboardName = LaunchScreen;
				INFOPLIST_KEY_UIMainStoryboardFile = Main;
				INFOPLIST_KEY_UISupportedInterfaceOrientations_iPad = "UIInterfaceOrientationPortrait UIInterfaceOrientationPortraitUpsideDown UIInterfaceOrientationLandscapeLeft UIInterfaceOrientationLandscapeRight";
				INFOPLIST_KEY_UISupportedInterfaceOrientations_iPhone = "UIInterfaceOrientationPortrait UIInterfaceOrientationLandscapeLeft UIInterfaceOrientationLandscapeRight";
				IPHONEOS_DEPLOYMENT_TARGET = 14.0;
				LD_RUNPATH_SEARCH_PATHS = (
					"$(inherited)",
					"@executable_path/Frameworks",
				);
				MARKETING_VERSION = 1.0;
				PRODUCT_BUNDLE_IDENTIFIER = com.HYERYEONG.STUDYHUB2;
				PRODUCT_NAME = "$(TARGET_NAME)";
				SUPPORTED_PLATFORMS = "iphoneos iphonesimulator";
				SUPPORTS_MACCATALYST = NO;
				SUPPORTS_MAC_DESIGNED_FOR_IPHONE_IPAD = NO;
				SWIFT_EMIT_LOC_STRINGS = YES;
				SWIFT_VERSION = 5.0;
				TARGETED_DEVICE_FAMILY = 1;
			};
			name = Debug;
		};
		F80421BA2A7D6818006C6B87 /* Release */ = {
			isa = XCBuildConfiguration;
			baseConfigurationReference = 16AE9AD51C6A978718771E4F /* Pods-STUDYHUB2.release.xcconfig */;
			buildSettings = {
				ASSETCATALOG_COMPILER_APPICON_NAME = AppIcon;
				ASSETCATALOG_COMPILER_GLOBAL_ACCENT_COLOR_NAME = AccentColor;
				CODE_SIGN_STYLE = Automatic;
				CURRENT_PROJECT_VERSION = 1;
				DEVELOPMENT_TEAM = GFRHL8DMXA;
				GENERATE_INFOPLIST_FILE = YES;
				INFOPLIST_FILE = STUDYHUB2/Info.plist;
				INFOPLIST_KEY_UIApplicationSupportsIndirectInputEvents = YES;
				INFOPLIST_KEY_UILaunchStoryboardName = LaunchScreen;
				INFOPLIST_KEY_UIMainStoryboardFile = Main;
				INFOPLIST_KEY_UISupportedInterfaceOrientations_iPad = "UIInterfaceOrientationPortrait UIInterfaceOrientationPortraitUpsideDown UIInterfaceOrientationLandscapeLeft UIInterfaceOrientationLandscapeRight";
				INFOPLIST_KEY_UISupportedInterfaceOrientations_iPhone = "UIInterfaceOrientationPortrait UIInterfaceOrientationLandscapeLeft UIInterfaceOrientationLandscapeRight";
				IPHONEOS_DEPLOYMENT_TARGET = 14.0;
				LD_RUNPATH_SEARCH_PATHS = (
					"$(inherited)",
					"@executable_path/Frameworks",
				);
				MARKETING_VERSION = 1.0;
				PRODUCT_BUNDLE_IDENTIFIER = com.HYERYEONG.STUDYHUB2;
				PRODUCT_NAME = "$(TARGET_NAME)";
				SUPPORTED_PLATFORMS = "iphoneos iphonesimulator";
				SUPPORTS_MACCATALYST = NO;
				SUPPORTS_MAC_DESIGNED_FOR_IPHONE_IPAD = NO;
				SWIFT_EMIT_LOC_STRINGS = YES;
				SWIFT_VERSION = 5.0;
				TARGETED_DEVICE_FAMILY = 1;
			};
			name = Release;
		};
/* End XCBuildConfiguration section */

/* Begin XCConfigurationList section */
		F80421892A7D6816006C6B87 /* Build configuration list for PBXProject "STUDYHUB2" */ = {
			isa = XCConfigurationList;
			buildConfigurations = (
				F80421B62A7D6818006C6B87 /* Debug */,
				F80421B72A7D6818006C6B87 /* Release */,
			);
			defaultConfigurationIsVisible = 0;
			defaultConfigurationName = Release;
		};
		F80421B82A7D6818006C6B87 /* Build configuration list for PBXNativeTarget "STUDYHUB2" */ = {
			isa = XCConfigurationList;
			buildConfigurations = (
				F80421B92A7D6818006C6B87 /* Debug */,
				F80421BA2A7D6818006C6B87 /* Release */,
			);
			defaultConfigurationIsVisible = 0;
			defaultConfigurationName = Release;
		};
/* End XCConfigurationList section */

/* Begin XCRemoteSwiftPackageReference section */
		EE1E44122B17228B00223436 /* XCRemoteSwiftPackageReference "SnapKit" */ = {
			isa = XCRemoteSwiftPackageReference;
			repositoryURL = "https://github.com/SnapKit/SnapKit.git";
			requirement = {
				branch = develop;
				kind = branch;
			};
		};
/* End XCRemoteSwiftPackageReference section */
	};
	rootObject = F80421862A7D6816006C6B87 /* Project object */;
}
